
Microsoft Visual Studio Solution File, Format Version 12.00
# Visual Studio Version 16
VisualStudioVersion = 16.0.30320.27
MinimumVisualStudioVersion = 10.0.40219.1
Project("{8BC9CEB8-8B4A-11D0-8D11-00A0C91BC942}") = "Тест2", "Тест2\Тест2.vcxproj", "{DC57FC20-F29E-4484-B48F-2739A47F470F}"
EndProject
Global
	GlobalSection(SolutionConfigurationPlatforms) = preSolution
		Debug|x64 = Debug|x64
		Debug|x86 = Debug|x86
		Release|x64 = Release|x64
		Release|x86 = Release|x86
	EndGlobalSection
	GlobalSection(ProjectConfigurationPlatforms) = postSolution
		{DC57FC20-F29E-4484-B48F-2739A47F470F}.Debug|x64.ActiveCfg = Debug|x64
		{DC57FC20-F29E-4484-B48F-2739A47F470F}.Debug|x64.Build.0 = Debug|x64
		{DC57FC20-F29E-4484-B48F-2739A47F470F}.Debug|x86.ActiveCfg = Debug|Win32
		{DC57FC20-F29E-4484-B48F-2739A47F470F}.Debug|x86.Build.0 = Debug|Win32
		{DC57FC20-F29E-4484-B48F-2739A47F470F}.Release|x64.ActiveCfg = Release|x64
		{DC57FC20-F29E-4484-B48F-2739A47F470F}.Release|x64.Build.0 = Release|x64
		{DC57FC20-F29E-4484-B48F-2739A47F470F}.Release|x86.ActiveCfg = Release|Win32
		{DC57FC20-F29E-4484-B48F-2739A47F470F}.Release|x86.Build.0 = Release|Win32
	EndGlobalSection
	GlobalSection(SolutionProperties) = preSolution
		HideSolutionNode = FALSE
	EndGlobalSection
	GlobalSection(ExtensibilityGlobals) = postSolution
		SolutionGuid = {54D41C87-D728-40DB-AAF4-83F95B1D80F0}
	EndGlobalSection
EndGlobal
